
Microsoft Visual Studio Solution File, Format Version 12.00
# Visual Studio Version 17
VisualStudioVersion = 17.11.35312.102
MinimumVisualStudioVersion = 10.0.40219.1
Project("{FAE04EC0-301F-11D3-BF4B-00C04F79EFBC}") = "SOMIOD", "SOMIOD\SOMIOD.csproj", "{BEED0A45-EB48-4391-AEBD-1A7FD56C6DDC}"
EndProject
Project("{FAE04EC0-301F-11D3-BF4B-00C04F79EFBC}") = "AppIOT", "AppIOT\AppIOT.csproj", "{864BFC74-E985-453F-9E18-35750FC8E889}"
EndProject
Project("{FAE04EC0-301F-11D3-BF4B-00C04F79EFBC}") = "AppTester", "AppTester\AppTester.csproj", "{116E7065-C181-4FFB-910D-1BC835618E09}"
EndProject
Global
	GlobalSection(SolutionConfigurationPlatforms) = preSolution
		Debug|Any CPU = Debug|Any CPU
		Release|Any CPU = Release|Any CPU
	EndGlobalSection
	GlobalSection(ProjectConfigurationPlatforms) = postSolution
		{BEED0A45-EB48-4391-AEBD-1A7FD56C6DDC}.Debug|Any CPU.ActiveCfg = Debug|Any CPU
		{BEED0A45-EB48-4391-AEBD-1A7FD56C6DDC}.Debug|Any CPU.Build.0 = Debug|Any CPU
		{BEED0A45-EB48-4391-AEBD-1A7FD56C6DDC}.Release|Any CPU.ActiveCfg = Release|Any CPU
		{BEED0A45-EB48-4391-AEBD-1A7FD56C6DDC}.Release|Any CPU.Build.0 = Release|Any CPU
		{864BFC74-E985-453F-9E18-35750FC8E889}.Debug|Any CPU.ActiveCfg = Debug|Any CPU
		{864BFC74-E985-453F-9E18-35750FC8E889}.Debug|Any CPU.Build.0 = Debug|Any CPU
		{864BFC74-E985-453F-9E18-35750FC8E889}.Release|Any CPU.ActiveCfg = Release|Any CPU
		{864BFC74-E985-453F-9E18-35750FC8E889}.Release|Any CPU.Build.0 = Release|Any CPU
		{116E7065-C181-4FFB-910D-1BC835618E09}.Debug|Any CPU.ActiveCfg = Debug|Any CPU
		{116E7065-C181-4FFB-910D-1BC835618E09}.Debug|Any CPU.Build.0 = Debug|Any CPU
		{116E7065-C181-4FFB-910D-1BC835618E09}.Release|Any CPU.ActiveCfg = Release|Any CPU
		{116E7065-C181-4FFB-910D-1BC835618E09}.Release|Any CPU.Build.0 = Release|Any CPU
	EndGlobalSection
	GlobalSection(SolutionProperties) = preSolution
		HideSolutionNode = FALSE
	EndGlobalSection
	GlobalSection(ExtensibilityGlobals) = postSolution
		SolutionGuid = {585EF1E3-AFC5-45A5-8145-EFDD6AAB6B03}
	EndGlobalSection
EndGlobal
